Microsoft Visual Studio Solution File, Format Version 11.00
# Visual Studio 2008

Project("{4AAF827B-8DE4-890B-7AC4-B4B7C644B9F2}") = "TestPath", "Assembly-CSharp.csproj", "{D2B47AA2-8390-7F46-6211-CC8FEACC128A}"
EndProject
Global
	GlobalSection(SolutionConfigurationPlatforms) = preSolution
		Debug|Any CPU = Debug|Any CPU
		Release|Any CPU = Release|Any CPU
	EndGlobalSection
	GlobalSection(ProjectConfigurationPlatforms) = postSolution
		{D2B47AA2-8390-7F46-6211-CC8FEACC128A}.Debug|Any CPU.ActiveCfg = Debug|Any CPU
		{D2B47AA2-8390-7F46-6211-CC8FEACC128A}.Debug|Any CPU.Build.0 = Debug|Any CPU
		{D2B47AA2-8390-7F46-6211-CC8FEACC128A}.Release|Any CPU.ActiveCfg = Release|Any CPU
		{D2B47AA2-8390-7F46-6211-CC8FEACC128A}.Release|Any CPU.Build.0 = Release|Any CPU
	EndGlobalSection
	GlobalSection(SolutionProperties) = preSolution
		HideSolutionNode = FALSE
	EndGlobalSection
	GlobalSection(MonoDevelopProperties) = preSolution
		StartupItem = Assembly-CSharp.csproj
	EndGlobalSection
EndGlobal
